// !$*UTF8*$!
{
	archiveVersion = 1;
	classes = {
	};
	objectVersion = 46;
	objects = {

/* Begin PBXBuildFile section */
		C53CB1611934B89F007AEDBA /* Foundation.framework in Frameworks */ = {isa = PBXBuildFile; fileRef = C53CB1601934B89F007AEDBA /* Foundation.framework */; };
		C53CB1631934B89F007AEDBA /* CoreGraphics.framework in Frameworks */ = {isa = PBXBuildFile; fileRef = C53CB1621934B89F007AEDBA /* CoreGraphics.framework */; };
		C53CB1651934B89F007AEDBA /* UIKit.framework in Frameworks */ = {isa = PBXBuildFile; fileRef = C53CB1641934B89F007AEDBA /* UIKit.framework */; };
		C53CB16B1934B89F007AEDBA /* InfoPlist.strings in Resources */ = {isa = PBXBuildFile; fileRef = C53CB1691934B89F007AEDBA /* InfoPlist.strings */; };
		C53CB16D1934B89F007AEDBA /* main.m in Sources */ = {isa = PBXBuildFile; fileRef = C53CB16C1934B89F007AEDBA /* main.m */; };
		C53CB1711934B89F007AEDBA /* AppDelegate.m in Sources */ = {isa = PBXBuildFile; fileRef = C53CB1701934B89F007AEDBA /* AppDelegate.m */; };
		C53CB1741934B89F007AEDBA /* Main.storyboard in Resources */ = {isa = PBXBuildFile; fileRef = C53CB1721934B89F007AEDBA /* Main.storyboard */; };
		C53CB1771934B89F007AEDBA /* FirstViewController.m in Sources */ = {isa = PBXBuildFile; fileRef = C53CB1761934B89F007AEDBA /* FirstViewController.m */; };
		C53CB17A1934B89F007AEDBA /* SecondViewController.m in Sources */ = {isa = PBXBuildFile; fileRef = C53CB1791934B89F007AEDBA /* SecondViewController.m */; };
		C53CB17C1934B89F007AEDBA /* Images.xcassets in Resources */ = {isa = PBXBuildFile; fileRef = C53CB17B1934B89F007AEDBA /* Images.xcassets */; };
		C53CB1831934B89F007AEDBA /* XCTest.framework in Frameworks */ = {isa = PBXBuildFile; fileRef = C53CB1821934B89F007AEDBA /* XCTest.framework */; };
		C53CB1841934B89F007AEDBA /* Foundation.framework in Frameworks */ = {isa = PBXBuildFile; fileRef = C53CB1601934B89F007AEDBA /* Foundation.framework */; };
		C53CB1851934B89F007AEDBA /* UIKit.framework in Frameworks */ = {isa = PBXBuildFile; fileRef = C53CB1641934B89F007AEDBA /* UIKit.framework */; };
		C53CB18D1934B89F007AEDBA /* InfoPlist.strings in Resources */ = {isa = PBXBuildFile; fileRef = C53CB18B1934B89F007AEDBA /* InfoPlist.strings */; };
		C53CB18F1934B89F007AEDBA /* ByteClub3Tests.m in Sources */ = {isa = PBXBuildFile; fileRef = C53CB18E1934B89F007AEDBA /* ByteClub3Tests.m */; };
/* End PBXBuildFile section */

/* Begin PBXContainerItemProxy section */
		C53CB1861934B89F007AEDBA /* PBXContainerItemProxy */ = {
			isa = PBXContainerItemProxy;
			containerPortal = C53CB1551934B89F007AEDBA /* Project object */;
			proxyType = 1;
			remoteGlobalIDString = C53CB15C1934B89F007AEDBA;
			remoteInfo = ByteClub3;
		};
/* End PBXContainerItemProxy section */

/* Begin PBXFileReference section */
		C53CB15D1934B89F007AEDBA /* ByteClub3.app */ = {isa = PBXFileReference; explicitFileType = wrapper.application; includeInIndex = 0; path = ByteClub3.app; sourceTree = BUILT_PRODUCTS_DIR; };
		C53CB1601934B89F007AEDBA /* Foundation.framework */ = {isa = PBXFileReference; lastKnownFileType = wrapper.framework; name = Foundation.framework; path = System/Library/Frameworks/Foundation.framework; sourceTree = SDKROOT; };
		C53CB1621934B89F007AEDBA /* CoreGraphics.framework */ = {isa = PBXFileReference; lastKnownFileType = wrapper.framework; name = CoreGraphics.framework; path = System/Library/Frameworks/CoreGraphics.framework; sourceTree = SDKROOT; };
		C53CB1641934B89F007AEDBA /* UIKit.framework */ = {isa = PBXFileReference; lastKnownFileType = wrapper.framework; name = UIKit.framework; path = System/Library/Frameworks/UIKit.framework; sourceTree = SDKROOT; };
		C53CB1681934B89F007AEDBA /* ByteClub3-Info.plist */ = {isa = PBXFileReference; lastKnownFileType = text.plist.xml; path = "ByteClub3-Info.plist"; sourceTree = "<group>"; };
		C53CB16A1934B89F007AEDBA /* en */ = {isa = PBXFileReference; lastKnownFileType = text.plist.strings; name = en; path = en.lproj/InfoPlist.strings; sourceTree = "<group>"; };
		C53CB16C1934B89F007AEDBA /* main.m */ = {isa = PBXFileReference; lastKnownFileType = sourcecode.c.objc; path = main.m; sourceTree = "<group>"; };
		C53CB16E1934B89F007AEDBA /* ByteClub3-Prefix.pch */ = {isa = PBXFileReference; lastKnownFileType = sourcecode.c.h; path = "ByteClub3-Prefix.pch"; sourceTree = "<group>"; };
		C53CB16F1934B89F007AEDBA /* AppDelegate.h */ = {isa = PBXFileReference; lastKnownFileType = sourcecode.c.h; path = AppDelegate.h; sourceTree = "<group>"; };
		C53CB1701934B89F007AEDBA /* AppDelegate.m */ = {isa = PBXFileReference; lastKnownFileType = sourcecode.c.objc; path = AppDelegate.m; sourceTree = "<group>"; };
		C53CB1731934B89F007AEDBA /* Base */ = {isa = PBXFileReference; lastKnownFileType = file.storyboard; name = Base; path = Base.lproj/Main.storyboard; sourceTree = "<group>"; };
		C53CB1751934B89F007AEDBA /* FirstViewController.h */ = {isa = PBXFileReference; lastKnownFileType = sourcecode.c.h; path = FirstViewController.h; sourceTree = "<group>"; };
		C53CB1761934B89F007AEDBA /* FirstViewController.m */ = {isa = PBXFileReference; lastKnownFileType = sourcecode.c.objc; path = FirstViewController.m; sourceTree = "<group>"; };
		C53CB1781934B89F007AEDBA /* SecondViewController.h */ = {isa = PBXFileReference; lastKnownFileType = sourcecode.c.h; path = SecondViewController.h; sourceTree = "<group>"; };
		C53CB1791934B89F007AEDBA /* SecondViewController.m */ = {isa = PBXFileReference; lastKnownFileType = sourcecode.c.objc; path = SecondViewController.m; sourceTree = "<group>"; };
		C53CB17B1934B89F007AEDBA /* Images.xcassets */ = {isa = PBXFileReference; lastKnownFileType = folder.assetcatalog; path = Images.xcassets; sourceTree = "<group>"; };
		C53CB1811934B89F007AEDBA /* ByteClub3Tests.xctest */ = {isa = PBXFileReference; explicitFileType = wrapper.cfbundle; includeInIndex = 0; path = ByteClub3Tests.xctest; sourceTree = BUILT_PRODUCTS_DIR; };
		C53CB1821934B89F007AEDBA /* XCTest.framework */ = {isa = PBXFileReference; lastKnownFileType = wrapper.framework; name = XCTest.framework; path = Library/Frameworks/XCTest.framework; sourceTree = DEVELOPER_DIR; };
		C53CB18A1934B89F007AEDBA /* ByteClub3Tests-Info.plist */ = {isa = PBXFileReference; lastKnownFileType = text.plist.xml; path = "ByteClub3Tests-Info.plist"; sourceTree = "<group>"; };
		C53CB18C1934B89F007AEDBA /* en */ = {isa = PBXFileReference; lastKnownFileType = text.plist.strings; name = en; path = en.lproj/InfoPlist.strings; sourceTree = "<group>"; };
		C53CB18E1934B89F007AEDBA /* ByteClub3Tests.m */ = {isa = PBXFileReference; lastKnownFileType = sourcecode.c.objc; path = ByteClub3Tests.m; sourceTree = "<group>"; };
/* End PBXFileReference section */

/* Begin PBXFrameworksBuildPhase section */
		C53CB15A1934B89F007AEDBA /* Frameworks */ = {
			isa = PBXFrameworksBuildPhase;
			buildActionMask = 2147483647;
			files = (
				C53CB1631934B89F007AEDBA /* CoreGraphics.framework in Frameworks */,
				C53CB1651934B89F007AEDBA /* UIKit.framework in Frameworks */,
				C53CB1611934B89F007AEDBA /* Foundation.framework in Frameworks */,
			);
			runOnlyForDeploymentPostprocessing = 0;
		};
		C53CB17E1934B89F007AEDBA /* Frameworks */ = {
			isa = PBXFrameworksBuildPhase;
			buildActionMask = 2147483647;
			files = (
				C53CB1831934B89F007AEDBA /* XCTest.framework in Frameworks */,
				C53CB1851934B89F007AEDBA /* UIKit.framework in Frameworks */,
				C53CB1841934B89F007AEDBA /* Foundation.framework in Frameworks */,
			);
			runOnlyForDeploymentPostprocessing = 0;
		};
/* End PBXFrameworksBuildPhase section */

/* Begin PBXGroup section */
		C53CB1541934B89F007AEDBA = {
			isa = PBXGroup;
			children = (
				C53CB1661934B89F007AEDBA /* ByteClub3 */,
				C53CB1881934B89F007AEDBA /* ByteClub3Tests */,
				C53CB15F1934B89F007AEDBA /* Frameworks */,
				C53CB15E1934B89F007AEDBA /* Products */,
			);
			sourceTree = "<group>";
		};
		C53CB15E1934B89F007AEDBA /* Products */ = {
			isa = PBXGroup;
			children = (
				C53CB15D1934B89F007AEDBA /* ByteClub3.app */,
				C53CB1811934B89F007AEDBA /* ByteClub3Tests.xctest */,
			);
			name = Products;
			sourceTree = "<group>";
		};
		C53CB15F1934B89F007AEDBA /* Frameworks */ = {
			isa = PBXGroup;
			children = (
				C53CB1601934B89F007AEDBA /* Foundation.framework */,
				C53CB1621934B89F007AEDBA /* CoreGraphics.framework */,
				C53CB1641934B89F007AEDBA /* UIKit.framework */,
				C53CB1821934B89F007AEDBA /* XCTest.framework */,
			);
			name = Frameworks;
			sourceTree = "<group>";
		};
		C53CB1661934B89F007AEDBA /* ByteClub3 */ = {
			isa = PBXGroup;
			children = (
				C53CB16F1934B89F007AEDBA /* AppDelegate.h */,
				C53CB1701934B89F007AEDBA /* AppDelegate.m */,
				C53CB1721934B89F007AEDBA /* Main.storyboard */,
				C53CB1751934B89F007AEDBA /* FirstViewController.h */,
				C53CB1761934B89F007AEDBA /* FirstViewController.m */,
				C53CB1781934B89F007AEDBA /* SecondViewController.h */,
				C53CB1791934B89F007AEDBA /* SecondViewController.m */,
				C53CB17B1934B89F007AEDBA /* Images.xcassets */,
				C53CB1671934B89F007AEDBA /* Supporting Files */,
			);
			path = ByteClub3;
			sourceTree = "<group>";
		};
		C53CB1671934B89F007AEDBA /* Supporting Files */ = {
			isa = PBXGroup;
			children = (
				C53CB1681934B89F007AEDBA /* ByteClub3-Info.plist */,
				C53CB1691934B89F007AEDBA /* InfoPlist.strings */,
				C53CB16C1934B89F007AEDBA /* main.m */,
				C53CB16E1934B89F007AEDBA /* ByteClub3-Prefix.pch */,
			);
			name = "Supporting Files";
			sourceTree = "<group>";
		};
		C53CB1881934B89F007AEDBA /* ByteClub3Tests */ = {
			isa = PBXGroup;
			children = (
				C53CB18E1934B89F007AEDBA /* ByteClub3Tests.m */,
				C53CB1891934B89F007AEDBA /* Supporting Files */,
			);
			path = ByteClub3Tests;
			sourceTree = "<group>";
		};
		C53CB1891934B89F007AEDBA /* Supporting Files */ = {
			isa = PBXGroup;
			children = (
				C53CB18A1934B89F007AEDBA /* ByteClub3Tests-Info.plist */,
				C53CB18B1934B89F007AEDBA /* InfoPlist.strings */,
			);
			name = "Supporting Files";
			sourceTree = "<group>";
		};
/* End PBXGroup section */

/* Begin PBXNativeTarget section */
		C53CB15C1934B89F007AEDBA /* ByteClub3 */ = {
			isa = PBXNativeTarget;
			buildConfigurationList = C53CB1921934B89F007AEDBA /* Build configuration list for PBXNativeTarget "ByteClub3" */;
			buildPhases = (
				C53CB1591934B89F007AEDBA /* Sources */,
				C53CB15A1934B89F007AEDBA /* Frameworks */,
				C53CB15B1934B89F007AEDBA /* Resources */,
			);
			buildRules = (
			);
			dependencies = (
			);
			name = ByteClub3;
			productName = ByteClub3;
			productReference = C53CB15D1934B89F007AEDBA /* ByteClub3.app */;
			productType = "com.apple.product-type.application";
		};
		C53CB1801934B89F007AEDBA /* ByteClub3Tests */ = {
			isa = PBXNativeTarget;
			buildConfigurationList = C53CB1951934B89F007AEDBA /* Build configuration list for PBXNativeTarget "ByteClub3Tests" */;
			buildPhases = (
				C53CB17D1934B89F007AEDBA /* Sources */,
				C53CB17E1934B89F007AEDBA /* Frameworks */,
				C53CB17F1934B89F007AEDBA /* Resources */,
			);
			buildRules = (
			);
			dependencies = (
				C53CB1871934B89F007AEDBA /* PBXTargetDependency */,
			);
			name = ByteClub3Tests;
			productName = ByteClub3Tests;
			productReference = C53CB1811934B89F007AEDBA /* ByteClub3Tests.xctest */;
			productType = "com.apple.product-type.bundle.unit-test";
		};
/* End PBXNativeTarget section */

/* Begin PBXProject section */
		C53CB1551934B89F007AEDBA /* Project object */ = {
			isa = PBXProject;
			attributes = {
				LastUpgradeCheck = 0510;
				ORGANIZATIONNAME = Jaromir;
				TargetAttributes = {
					C53CB1801934B89F007AEDBA = {
						TestTargetID = C53CB15C1934B89F007AEDBA;
					};
				};
			};
			buildConfigurationList = C53CB1581934B89F007AEDBA /* Build configuration list for PBXProject "ByteClub3" */;
			compatibilityVersion = "Xcode 3.2";
			developmentRegion = English;
			hasScannedForEncodings = 0;
			knownRegions = (
				en,
				Base,
			);
			mainGroup = C53CB1541934B89F007AEDBA;
			productRefGroup = C53CB15E1934B89F007AEDBA /* Products */;
			projectDirPath = "";
			projectRoot = "";
			targets = (
				C53CB15C1934B89F007AEDBA /* ByteClub3 */,
				C53CB1801934B89F007AEDBA /* ByteClub3Tests */,
			);
		};
/* End PBXProject section */

/* Begin PBXResourcesBuildPhase section */
		C53CB15B1934B89F007AEDBA /* Resources */ = {
			isa = PBXResourcesBuildPhase;
			buildActionMask = 2147483647;
			files = (
				C53CB17C1934B89F007AEDBA /* Images.xcassets in Resources */,
				C53CB16B1934B89F007AEDBA /* InfoPlist.strings in Resources */,
				C53CB1741934B89F007AEDBA /* Main.storyboard in Resources */,
			);
			runOnlyForDeploymentPostprocessing = 0;
		};
		C53CB17F1934B89F007AEDBA /* Resources */ = {
			isa = PBXResourcesBuildPhase;
			buildActionMask = 2147483647;
			files = (
				C53CB18D1934B89F007AEDBA /* InfoPlist.strings in Resources */,
			);
			runOnlyForDeploymentPostprocessing = 0;
		};
/* End PBXResourcesBuildPhase section */

/* Begin PBXSourcesBuildPhase section */
		C53CB1591934B89F007AEDBA /* Sources */ = {
			isa = PBXSourcesBuildPhase;
			buildActionMask = 2147483647;
			files = (
				C53CB17A1934B89F007AEDBA /* SecondViewController.m in Sources */,
				C53CB1711934B89F007AEDBA /* AppDelegate.m in Sources */,
				C53CB1771934B89F007AEDBA /* FirstViewController.m in Sources */,
				C53CB16D1934B89F007AEDBA /* main.m in Sources */,
			);
			runOnlyForDeploymentPostprocessing = 0;
		};
		C53CB17D1934B89F007AEDBA /* Sources */ = {
			isa = PBXSourcesBuildPhase;
			buildActionMask = 2147483647;
			files = (
				C53CB18F1934B89F007AEDBA /* ByteClub3Tests.m in Sources */,
			);
			runOnlyForDeploymentPostprocessing = 0;
		};
/* End PBXSourcesBuildPhase section */

/* Begin PBXTargetDependency section */
		C53CB1871934B89F007AEDBA /* PBXTargetDependency */ = {
			isa = PBXTargetDependency;
			target = C53CB15C1934B89F007AEDBA /* ByteClub3 */;
			targetProxy = C53CB1861934B89F007AEDBA /* PBXContainerItemProxy */;
		};
/* End PBXTargetDependency section */

/* Begin PBXVariantGroup section */
		C53CB1691934B89F007AEDBA /* InfoPlist.strings */ = {
			isa = PBXVariantGroup;
			children = (
				C53CB16A1934B89F007AEDBA /* en */,
			);
			name = InfoPlist.strings;
			sourceTree = "<group>";
		};
		C53CB1721934B89F007AEDBA /* Main.storyboard */ = {
			isa = PBXVariantGroup;
			children = (
				C53CB1731934B89F007AEDBA /* Base */,
			);
			name = Main.storyboard;
			sourceTree = "<group>";
		};
		C53CB18B1934B89F007AEDBA /* InfoPlist.strings */ = {
			isa = PBXVariantGroup;
			children = (
				C53CB18C1934B89F007AEDBA /* en */,
			);
			name = InfoPlist.strings;
			sourceTree = "<group>";
		};
/* End PBXVariantGroup section */

/* Begin XCBuildConfiguration section */
		C53CB1901934B89F007AEDBA /* Debug */ = {
			isa = XCBuildConfiguration;
			buildSettings = {
				ALWAYS_SEARCH_USER_PATHS = NO;
				CLANG_CXX_LANGUAGE_STANDARD = "gnu++0x";
				CLANG_CXX_LIBRARY = "libc++";
				CLANG_ENABLE_MODULES = YES;
				CLANG_ENABLE_OBJC_ARC = YES;
				CLANG_WARN_BOOL_CONVERSION = YES;
				CLANG_WARN_CONSTANT_CONVERSION = YES;
				CLANG_WARN_DIRECT_OBJC_ISA_USAGE = YES_ERROR;
				CLANG_WARN_EMPTY_BODY = YES;
				CLANG_WARN_ENUM_CONVERSION = YES;
				CLANG_WARN_INT_CONVERSION = YES;
				CLANG_WARN_OBJC_ROOT_CLASS = YES_ERROR;
				CLANG_WARN__DUPLICATE_METHOD_MATCH = YES;
				"CODE_SIGN_IDENTITY[sdk=iphoneos*]" = "iPhone Developer";
				COPY_PHASE_STRIP = NO;
				GCC_C_LANGUAGE_STANDARD = gnu99;
				GCC_DYNAMIC_NO_PIC = NO;
				GCC_OPTIMIZATION_LEVEL = 0;
				GCC_PREPROCESSOR_DEFINITIONS = (
					"DEBUG=1",
					"$(inherited)",
				);
				GCC_SYMBOLS_PRIVATE_EXTERN = NO;
				GCC_WARN_64_TO_32_BIT_CONVERSION = YES;
				GCC_WARN_ABOUT_RETURN_TYPE = YES_ERROR;
				GCC_WARN_UNDECLARED_SELECTOR = YES;
				GCC_WARN_UNINITIALIZED_AUTOS = YES_AGGRESSIVE;
				GCC_WARN_UNUSED_FUNCTION = YES;
				GCC_WARN_UNUSED_VARIABLE = YES;
				IPHONEOS_DEPLOYMENT_TARGET = 7.1;
				ONLY_ACTIVE_ARCH = YES;
				SDKROOT = iphoneos;
			};
			name = Debug;
		};
		C53CB1911934B89F007AEDBA /* Release */ = {
			isa = XCBuildConfiguration;
			buildSettings = {
				ALWAYS_SEARCH_USER_PATHS = NO;
				CLANG_CXX_LANGUAGE_STANDARD = "gnu++0x";
				CLANG_CXX_LIBRARY = "libc++";
				CLANG_ENABLE_MODULES = YES;
				CLANG_ENABLE_OBJC_ARC = YES;
				CLANG_WARN_BOOL_CONVERSION = YES;
				CLANG_WARN_CONSTANT_CONVERSION = YES;
				CLANG_WARN_DIRECT_OBJC_ISA_USAGE = YES_ERROR;
				CLANG_WARN_EMPTY_BODY = YES;
				CLANG_WARN_ENUM_CONVERSION = YES;
				CLANG_WARN_INT_CONVERSION = YES;
				CLANG_WARN_OBJC_ROOT_CLASS = YES_ERROR;
				CLANG_WARN__DUPLICATE_METHOD_MATCH = YES;
				"CODE_SIGN_IDENTITY[sdk=iphoneos*]" = "iPhone Developer";
				COPY_PHASE_STRIP = YES;
				ENABLE_NS_ASSERTIONS = NO;
				GCC_C_LANGUAGE_STANDARD = gnu99;
				GCC_WARN_64_TO_32_BIT_CONVERSION = YES;
				GCC_WARN_ABOUT_RETURN_TYPE = YES_ERROR;
				GCC_WARN_UNDECLARED_SELECTOR = YES;
				GCC_WARN_UNINITIALIZED_AUTOS = YES_AGGRESSIVE;
				GCC_WARN_UNUSED_FUNCTION = YES;
				GCC_WARN_UNUSED_VARIABLE = YES;
				IPHONEOS_DEPLOYMENT_TARGET = 7.1;
				SDKROOT = iphoneos;
				VALIDATE_PRODUCT = YES;
			};
			name = Release;
		};
		C53CB1931934B89F007AEDBA /* Debug */ = {
			isa = XCBuildConfiguration;
			buildSettings = {
				ASSETCATALOG_COMPILER_APPICON_NAME = AppIcon;
				ASSETCATALOG_COMPILER_LAUNCHIMAGE_NAME = LaunchImage;
				GCC_PRECOMPILE_PREFIX_HEADER = YES;
				GCC_PREFIX_HEADER = "ByteClub3/ByteClub3-Prefix.pch";
				INFOPLIST_FILE = "ByteClub3/ByteClub3-Info.plist";
				PRODUCT_NAME = "$(TARGET_NAME)";
				WRAPPER_EXTENSION = app;
			};
			name = Debug;
		};
		C53CB1941934B89F007AEDBA /* Release */ = {
			isa = XCBuildConfiguration;
			buildSettings = {
				ASSETCATALOG_COMPILER_APPICON_NAME = AppIcon;
				ASSETCATALOG_COMPILER_LAUNCHIMAGE_NAME = LaunchImage;
				GCC_PRECOMPILE_PREFIX_HEADER = YES;
				GCC_PREFIX_HEADER = "ByteClub3/ByteClub3-Prefix.pch";
				INFOPLIST_FILE = "ByteClub3/ByteClub3-Info.plist";
				PRODUCT_NAME = "$(TARGET_NAME)";
				WRAPPER_EXTENSION = app;
			};
			name = Release;
		};
		C53CB1961934B89F007AEDBA /* Debug */ = {
			isa = XCBuildConfiguration;
			buildSettings = {
				BUNDLE_LOADER = "$(BUILT_PRODUCTS_DIR)/ByteClub3.app/ByteClub3";
				FRAMEWORK_SEARCH_PATHS = (
					"$(SDKROOT)/Developer/Library/Frameworks",
					"$(inherited)",
					"$(DEVELOPER_FRAMEWORKS_DIR)",
				);
				GCC_PRECOMPILE_PREFIX_HEADER = YES;
				GCC_PREFIX_HEADER = "ByteClub3/ByteClub3-Prefix.pch";
				GCC_PREPROCESSOR_DEFINITIONS = (
					"DEBUG=1",
					"$(inherited)",
				);
				INFOPLIST_FILE = "ByteClub3Tests/ByteClub3Tests-Info.plist";
				PRODUCT_NAME = "$(TARGET_NAME)";
				TEST_HOST = "$(BUNDLE_LOADER)";
				WRAPPER_EXTENSION = xctest;
			};
			name = Debug;
		};
		C53CB1971934B89F007AEDBA /* Release */ = {
			isa = XCBuildConfiguration;
			buildSettings = {
				BUNDLE_LOADER = "$(BUILT_PRODUCTS_DIR)/ByteClub3.app/ByteClub3";
				FRAMEWORK_SEARCH_PATHS = (
					"$(SDKROOT)/Developer/Library/Frameworks",
					"$(inherited)",
					"$(DEVELOPER_FRAMEWORKS_DIR)",
				);
				GCC_PRECOMPILE_PREFIX_HEADER = YES;
				GCC_PREFIX_HEADER = "ByteClub3/ByteClub3-Prefix.pch";
				INFOPLIST_FILE = "ByteClub3Tests/ByteClub3Tests-Info.plist";
				PRODUCT_NAME = "$(TARGET_NAME)";
				TEST_HOST = "$(BUNDLE_LOADER)";
				WRAPPER_EXTENSION = xctest;
			};
			name = Release;
		};
/* End XCBuildConfiguration section */

/* Begin XCConfigurationList section */
		C53CB1581934B89F007AEDBA /* Build configuration list for PBXProject "ByteClub3" */ = {
			isa = XCConfigurationList;
			buildConfigurations = (
				C53CB1901934B89F007AEDBA /* Debug */,
				C53CB1911934B89F007AEDBA /* Release */,
			);
			defaultConfigurationIsVisible = 0;
			defaultConfigurationName = Release;
		};
		C53CB1921934B89F007AEDBA /* Build configuration list for PBXNativeTarget "ByteClub3" */ = {
			isa = XCConfigurationList;
			buildConfigurations = (
				C53CB1931934B89F007AEDBA /* Debug */,
				C53CB1941934B89F007AEDBA /* Release */,
			);
			defaultConfigurationIsVisible = 0;
		};
		C53CB1951934B89F007AEDBA /* Build configuration list for PBXNativeTarget "ByteClub3Tests" */ = {
			isa = XCConfigurationList;
			buildConfigurations = (
				C53CB1961934B89F007AEDBA /* Debug */,
				C53CB1971934B89F007AEDBA /* Release */,
			);
			defaultConfigurationIsVisible = 0;
		};
/* End XCConfigurationList section */
	};
	rootObject = C53CB1551934B89F007AEDBA /* Project object */;
}
